{
  "name": "bxbt-theme-build",
  "version": "1.0.0",
  "lockfileVersion": 3,
  "requires": true,
  "packages": {
    "": {
      "name": "bxbt-theme-build",
      "version": "1.0.0",
      "license": "MIT",
      "dependencies": {
        "zod": "^4.6.5"
      },
      "bin": {
        "bxbt-theme-build": "bin/cli.js"
      },
      "engines": {
        "node": ">=20"
      },
      "peerDependencies": {
        "@primeuix/themes": "^1.0.0"
      }
    },
    "node_modules/@primeuix/styled": {
      "version": "0.7.4",
      "license": "MIT",
      "peer": true,
      "dependencies": {
        "@primeuix/utils": "^0.6.1"
      },
      "engines": {
        "node": ">=12.11.0"
      }
    },
    "node_modules/@primeuix/themes": {
      "version": "1.2.5",
      "license": "MIT",
      "peer": true,
      "dependencies": {
        "@primeuix/styled": "^0.7.3"
      }
    },
    "node_modules/@primeuix/utils": {
      "version": "0.6.4",
      "license": "MIT",
      "peer": true,
      "engines": {
        "node": ">=12.11.0"
      }
    },
    "node_modules/zod": {
      "version": "4.6.5",
      "resolved": "https://registry.npmjs.org/zod/-/zod-4.6.5.tgz",
      "integrity": "sha512-v5l/aFXZQeai4awLbOpSoHecE9UiMrnfx75tEXLjNonXVARxQ5mOeipTjROUchszUNCqnE+hqAMujRsRHsut2Q==",
      "license": "MIT",
      "funding": {
        "url": "https://github.com/sponsors/colinhacks"
      }
    }
  }
}
